
Microsoft Visual Studio Solution File, Format Version 12.00
# Visual Studio Version 17
VisualStudioVersion = 17.11.35327.3
MinimumVisualStudioVersion = 10.0.40219.1
Project("{FAE04EC0-301F-11D3-BF4B-00C04F79EFBC}") = "DisconnectedArchiWithDBEmployee", "DisconnectedArchiWithDBEmployee\DisconnectedArchiWithDBEmployee.csproj", "{43EEDFBD-75C7-42F9-BC1D-8778DD27771B}"
EndProject
Global
	GlobalSection(SolutionConfigurationPlatforms) = preSolution
		Debug|Any CPU = Debug|Any CPU
		Release|Any CPU = Release|Any CPU
	EndGlobalSection
	GlobalSection(ProjectConfigurationPlatforms) = postSolution
		{43EEDFBD-75C7-42F9-BC1D-8778DD27771B}.Debug|Any CPU.ActiveCfg = Debug|Any CPU
		{43EEDFBD-75C7-42F9-BC1D-8778DD27771B}.Debug|Any CPU.Build.0 = Debug|Any CPU
		{43EEDFBD-75C7-42F9-BC1D-8778DD27771B}.Release|Any CPU.ActiveCfg = Release|Any CPU
		{43EEDFBD-75C7-42F9-BC1D-8778DD27771B}.Release|Any CPU.Build.0 = Release|Any CPU
	EndGlobalSection
	GlobalSection(SolutionProperties) = preSolution
		HideSolutionNode = FALSE
	EndGlobalSection
	GlobalSection(ExtensibilityGlobals) = postSolution
		SolutionGuid = {BAA7CA41-AB1D-46A6-A21A-8958D60E5562}
	EndGlobalSection
EndGlobal
